version: 2.0
shards:
  pact-crystal:
    git: https://github.com/rholshausen/crystal-pact-spike.git
    version: 0.0.0+git.commit.c479d9b86db2f6d17ffb9c48c14a198e13a10951

  webmock:
    git: https://github.com/manastech/webmock.cr.git
    version: 0.14.0+git.commit.42b347cdd64e13193e46167a03593944ae2b3d20

